
Microsoft Visual Studio Solution File, Format Version 12.00
# Visual Studio Version 17
VisualStudioVersion = 17.0.32112.339
MinimumVisualStudioVersion = 10.0.40219.1
Project("{FAE04EC0-301F-11D3-BF4B-00C04F79EFBC}") = "DesktopFire", "DesktopFire\DesktopFire.csproj", "{27DCF2D0-0210-438C-B783-5B636E79EABD}"
EndProject
Project("{54435603-DBB4-11D2-8724-00A0C9A8B90C}") = "Desktop Fire", "Desktop Fire\Desktop Fire.vdproj", "{A7E9CB98-95F5-4837-84F7-1F5576F7621C}"
EndProject
Global
	GlobalSection(SolutionConfigurationPlatforms) = preSolution
		Debug|Any CPU = Debug|Any CPU
		Release|Any CPU = Release|Any CPU
	EndGlobalSection
	GlobalSection(ProjectConfigurationPlatforms) = postSolution
		{27DCF2D0-0210-438C-B783-5B636E79EABD}.Debug|Any CPU.ActiveCfg = Debug|Any CPU
		{27DCF2D0-0210-438C-B783-5B636E79EABD}.Debug|Any CPU.Build.0 = Debug|Any CPU
		{27DCF2D0-0210-438C-B783-5B636E79EABD}.Release|Any CPU.ActiveCfg = Release|Any CPU
		{27DCF2D0-0210-438C-B783-5B636E79EABD}.Release|Any CPU.Build.0 = Release|Any CPU
		{A7E9CB98-95F5-4837-84F7-1F5576F7621C}.Debug|Any CPU.ActiveCfg = Debug
		{A7E9CB98-95F5-4837-84F7-1F5576F7621C}.Release|Any CPU.ActiveCfg = Release
	EndGlobalSection
	GlobalSection(SolutionProperties) = preSolution
		HideSolutionNode = FALSE
	EndGlobalSection
	GlobalSection(ExtensibilityGlobals) = postSolution
		SolutionGuid = {7DB40E3C-FB94-40C6-833A-E04D13B9E227}
	EndGlobalSection
EndGlobal
